
Microsoft Visual Studio Solution File, Format Version 12.00
# Visual Studio Version 16
VisualStudioVersion = 16.0.33027.164
MinimumVisualStudioVersion = 10.0.40219.1
Project("{FAE04EC0-301F-11D3-BF4B-00C04F79EFBC}") = "Konstruktorverkettung-und-Objektinitialisierungssyntax", "Kapitel32\Konstruktorverkettung-und-Objektinitialisierungssyntax.csproj", "{0E5F6F9E-6346-4816-B1FE-A77E2BCC0DFB}"
EndProject
Project("{FAE04EC0-301F-11D3-BF4B-00C04F79EFBC}") = "Klassenvererbung", "Klassenvererbung\Klassenvererbung.csproj", "{F384C523-82DD-40B9-9061-E14CE2F98C2D}"
EndProject
Project("{FAE04EC0-301F-11D3-BF4B-00C04F79EFBC}") = "Basisklasse-und-Subklasse", "Basisklasse-und-Subklasse\Basisklasse-und-Subklasse.csproj", "{31DA594C-A66C-4F31-BE4A-BB3359DF95CE}"
EndProject
Project("{2150E333-8FDC-42A3-9474-1A3956D46DE8}") = "Kapitel33", "Kapitel33", "{5D7933CE-1803-4999-95DC-7B8909FB4E13}"
EndProject
Project("{2150E333-8FDC-42A3-9474-1A3956D46DE8}") = "Kapitel34", "Kapitel34", "{FE1399D0-D54F-45CD-B8F4-1CCA4E52AE81}"
EndProject
Project("{2150E333-8FDC-42A3-9474-1A3956D46DE8}") = "Kapitel32", "Kapitel32", "{BCE554FB-D302-4BBC-A734-2A310A559489}"
EndProject
Project("{2150E333-8FDC-42A3-9474-1A3956D46DE8}") = "Kapitel2", "Kapitel2", "{F08EC1D7-B55D-45FC-B302-75764DDC0C85}"
EndProject
Project("{FAE04EC0-301F-11D3-BF4B-00C04F79EFBC}") = "HelloWorld", "HelloWorld\HelloWorld.csproj", "{CF778508-3403-4D6B-B240-9ED850D30D34}"
EndProject
Project("{2150E333-8FDC-42A3-9474-1A3956D46DE8}") = "Kapitel150", "Kapitel150", "{EB7AD46F-A28C-4E4A-A686-0FF679EF9DCB}"
EndProject
Project("{FAE04EC0-301F-11D3-BF4B-00C04F79EFBC}") = "CompositePattern", "CompositePattern\CompositePattern.csproj", "{4A6AB6D7-B729-4B9E-86E7-0B2E666FD0C2}"
EndProject
Project("{2150E333-8FDC-42A3-9474-1A3956D46DE8}") = "Kapitel20", "Kapitel20", "{741D91D0-5856-434A-B9F4-585932E6FE2C}"
EndProject
Project("{FAE04EC0-301F-11D3-BF4B-00C04F79EFBC}") = "ForeachSchleife", "ForeachSchleife\ForeachSchleife.csproj", "{F1099137-98FC-4A3E-BEFB-1FBD16EFCDFD}"
EndProject
Project("{FAE04EC0-301F-11D3-BF4B-00C04F79EFBC}") = "ForSchleife", "ForSchleife\ForSchleife.csproj", "{9C2A7BC3-13E2-45FD-868B-9ED0F82CBEC3}"
EndProject
Project("{2150E333-8FDC-42A3-9474-1A3956D46DE8}") = "BonusMaterial", "BonusMaterial", "{AB3DFFDF-E2FE-40F2-8211-FB12402A6CC4}"
EndProject
Project("{2150E333-8FDC-42A3-9474-1A3956D46DE8}") = "Palindrom", "Palindrom", "{4F36C030-C69D-4929-B484-667779814971}"
EndProject
Project("{FAE04EC0-301F-11D3-BF4B-00C04F79EFBC}") = "PalindromCheck-001-APP", "PalindromCheck-001-APP\PalindromCheck-001-APP.csproj", "{83D5BC52-20CD-4C0C-8DF6-FA2DAC85CCD5}"
EndProject
Project("{2150E333-8FDC-42A3-9474-1A3956D46DE8}") = "Kapitel22", "Kapitel22", "{AB251EFE-9977-4B0B-8F5D-2E80D14A78E2}"
EndProject
Project("{FAE04EC0-301F-11D3-BF4B-00C04F79EFBC}") = "Operatoren", "Operatoren\Operatoren.csproj", "{49A68460-40F2-4A0F-8A42-2C9F36152CC9}"
EndProject
Project("{2150E333-8FDC-42A3-9474-1A3956D46DE8}") = "Kapitel13", "Kapitel13", "{18F4D538-36DA-42AE-8442-06DBB7BEB354}"
EndProject
Project("{FAE04EC0-301F-11D3-BF4B-00C04F79EFBC}") = "ImpliziteTypumwandlungen", "ImpliziteTypumwandlungen\ImpliziteTypumwandlungen.csproj", "{42C4D9D3-91C7-46A1-9259-7B47904F8EE5}"
EndProject
Project("{2150E333-8FDC-42A3-9474-1A3956D46DE8}") = "Kapitel15", "Kapitel15", "{13CCC80E-43D1-4A48-8902-FED08828DB0D}"
EndProject
Project("{FAE04EC0-301F-11D3-BF4B-00C04F79EFBC}") = "Arrays", "Arrays\Arrays.csproj", "{4E1391D4-F796-483D-A2F5-858C823C3C9C}"
EndProject
Project("{2150E333-8FDC-42A3-9474-1A3956D46DE8}") = "CaeserVerschlüsselung", "CaeserVerschlüsselung", "{3F4629A7-562B-4E34-8379-CD936BCAD520}"
EndProject
Project("{FAE04EC0-301F-11D3-BF4B-00C04F79EFBC}") = "CaeserVerschluesselungOptimiert", "CaeserVerschluesselungOptimiert\CaeserVerschluesselungOptimiert.csproj", "{23026FD9-B858-476D-A012-23D7E401B341}"
EndProject
Project("{FAE04EC0-301F-11D3-BF4B-00C04F79EFBC}") = "CaesarCipherCracker", "CaesarCipherCracker\CaesarCipherCracker.csproj", "{4F42178F-1DD6-4043-A0D1-49DC0C3FDFF1}"
EndProject
Project("{FAE04EC0-301F-11D3-BF4B-00C04F79EFBC}") = "TravellingSalesmanStrategyPattern", "TravellingSalesmanStrategyPattern\TravellingSalesmanStrategyPattern.csproj", "{779613D6-A0B3-4E3E-9A4C-2EC932DBA922}"
EndProject
Project("{FAE04EC0-301F-11D3-BF4B-00C04F79EFBC}") = "ShippingSolutionStrategyDesignPattern", "ShippingSolutionStrategyDesignPattern\ShippingSolutionStrategyDesignPattern.csproj", "{3B7C2776-9AA1-4EB4-8C51-D4AE19FBBFA9}"
EndProject
Project("{FAE04EC0-301F-11D3-BF4B-00C04F79EFBC}") = "RobotStrategyPatternExample", "RobotStrategyPatternExample\RobotStrategyPatternExample.csproj", "{C301E3EF-D5CC-467E-A280-E44C51279822}"
EndProject
Project("{2150E333-8FDC-42A3-9474-1A3956D46DE8}") = "Design Patterns", "Design Patterns", "{BB59FBE9-973C-4CF6-B993-358EF8E1DED6}"
EndProject
Project("{2150E333-8FDC-42A3-9474-1A3956D46DE8}") = "Strategy Pattern", "Strategy Pattern", "{9A830A2A-744B-49B4-9E7D-0CFAC9C5D1F9}"
EndProject
Project("{FAE04EC0-301F-11D3-BF4B-00C04F79EFBC}") = "StrategyPatternInventoryManagement", "StrategyPatternInventoryManagement\StrategyPatternInventoryManagement.csproj", "{7EA9C3CC-2CD2-4293-83E2-637AD5E41A7B}"
EndProject
Project("{FAE04EC0-301F-11D3-BF4B-00C04F79EFBC}") = "BetriebsdatenErfassung", "BetriebsdatenErfassung\BetriebsdatenErfassung.csproj", "{2BA5FC6E-6D54-4735-A2CE-00386DAC6D02}"
EndProject
Project("{FAE04EC0-301F-11D3-BF4B-00C04F79EFBC}") = "Wortschatzparser", "Wortschatzparser\Wortschatzparser.csproj", "{EBEB4249-12E8-4611-BA64-F28706D15C4C}"
EndProject
Project("{2150E333-8FDC-42A3-9474-1A3956D46DE8}") = "Sorteralgorithmen", "Sorteralgorithmen", "{0AB3F5F9-5989-44BC-BC40-FEFE865B54B5}"
EndProject
Project("{FAE04EC0-301F-11D3-BF4B-00C04F79EFBC}") = "BinaryTreeSortDateien", "BinaryTreeSortDateien\BinaryTreeSortDateien.csproj", "{560972CC-13A9-4919-BE1E-C0CFE94573A5}"
EndProject
Project("{2150E333-8FDC-42A3-9474-1A3956D46DE8}") = "Binary-Search", "Binary-Search", "{2BFF48B6-D397-450B-AF58-A3396944CA60}"
EndProject
Project("{2150E333-8FDC-42A3-9474-1A3956D46DE8}") = "Hans Kinomogul und Max Superprogger", "Hans Kinomogul und Max Superprogger", "{8CB274D2-9D0C-4E32-9A91-BFE71E7EA6DD}"
EndProject
Project("{FAE04EC0-301F-11D3-BF4B-00C04F79EFBC}") = "CinemaReservationSystem", "CinemaReservationSystem\CinemaReservationSystem.csproj", "{C0D0B34A-890A-4414-AF19-7113C5B6CC01}"
EndProject
Project("{2150E333-8FDC-42A3-9474-1A3956D46DE8}") = "American Flag Sort", "American Flag Sort", "{B53B4124-9568-4C99-9251-B0AF5323115A}"
EndProject
Project("{FAE04EC0-301F-11D3-BF4B-00C04F79EFBC}") = "AmericanFlagSort", "AmericanFlagSort\AmericanFlagSort.csproj", "{831445AC-F432-4EE4-A8B6-2349A9FDD75C}"
EndProject
Project("{2150E333-8FDC-42A3-9474-1A3956D46DE8}") = "Bubble Sort", "Bubble Sort", "{AD3F97A0-B577-416C-B191-A41563252393}"
EndProject
Project("{FAE04EC0-301F-11D3-BF4B-00C04F79EFBC}") = "BubbleSort", "BubbleSort\BubbleSort.csproj", "{6E115078-E5EA-495B-8158-EB7B497A6D50}"
EndProject
Project("{FAE04EC0-301F-11D3-BF4B-00C04F79EFBC}") = "BubbleSortRecursive", "BubbleSortRecursive\BubbleSortRecursive.csproj", "{32AFB67E-6645-47D0-8702-FF36E3A9DD3B}"
EndProject
Project("{2150E333-8FDC-42A3-9474-1A3956D46DE8}") = "Multiple Choice Test-Katalog", "Multiple Choice Test-Katalog", "{1A76F210-454C-40C7-90C7-A07B40F647CB}"
EndProject
Project("{2150E333-8FDC-42A3-9474-1A3956D46DE8}") = "Primitive Datentypen", "Primitive Datentypen", "{8D9BF627-AE62-4CA9-9EAF-CFFCF5B2D57A}"
EndProject
Project("{2150E333-8FDC-42A3-9474-1A3956D46DE8}") = "Composite Pattern", "Composite Pattern", "{4ADB6E78-1D2B-4A0A-8A3E-65A982188F08}"
EndProject
Global
	GlobalSection(SolutionConfigurationPlatforms) = preSolution
		Debug|Any CPU = Debug|Any CPU
		Release|Any CPU = Release|Any CPU
	EndGlobalSection
	GlobalSection(ProjectConfigurationPlatforms) = postSolution
		{0E5F6F9E-6346-4816-B1FE-A77E2BCC0DFB}.Debug|Any CPU.ActiveCfg = Debug|Any CPU
		{0E5F6F9E-6346-4816-B1FE-A77E2BCC0DFB}.Debug|Any CPU.Build.0 = Debug|Any CPU
		{0E5F6F9E-6346-4816-B1FE-A77E2BCC0DFB}.Release|Any CPU.ActiveCfg = Release|Any CPU
		{0E5F6F9E-6346-4816-B1FE-A77E2BCC0DFB}.Release|Any CPU.Build.0 = Release|Any CPU
		{F384C523-82DD-40B9-9061-E14CE2F98C2D}.Debug|Any CPU.ActiveCfg = Debug|Any CPU
		{F384C523-82DD-40B9-9061-E14CE2F98C2D}.Debug|Any CPU.Build.0 = Debug|Any CPU
		{F384C523-82DD-40B9-9061-E14CE2F98C2D}.Release|Any CPU.ActiveCfg = Release|Any CPU
		{F384C523-82DD-40B9-9061-E14CE2F98C2D}.Release|Any CPU.Build.0 = Release|Any CPU
		{31DA594C-A66C-4F31-BE4A-BB3359DF95CE}.Debug|Any CPU.ActiveCfg = Debug|Any CPU
		{31DA594C-A66C-4F31-BE4A-BB3359DF95CE}.Debug|Any CPU.Build.0 = Debug|Any CPU
		{31DA594C-A66C-4F31-BE4A-BB3359DF95CE}.Release|Any CPU.ActiveCfg = Release|Any CPU
		{31DA594C-A66C-4F31-BE4A-BB3359DF95CE}.Release|Any CPU.Build.0 = Release|Any CPU
		{CF778508-3403-4D6B-B240-9ED850D30D34}.Debug|Any CPU.ActiveCfg = Debug|Any CPU
		{CF778508-3403-4D6B-B240-9ED850D30D34}.Debug|Any CPU.Build.0 = Debug|Any CPU
		{CF778508-3403-4D6B-B240-9ED850D30D34}.Release|Any CPU.ActiveCfg = Release|Any CPU
		{CF778508-3403-4D6B-B240-9ED850D30D34}.Release|Any CPU.Build.0 = Release|Any CPU
		{4A6AB6D7-B729-4B9E-86E7-0B2E666FD0C2}.Debug|Any CPU.ActiveCfg = Debug|Any CPU
		{4A6AB6D7-B729-4B9E-86E7-0B2E666FD0C2}.Debug|Any CPU.Build.0 = Debug|Any CPU
		{4A6AB6D7-B729-4B9E-86E7-0B2E666FD0C2}.Release|Any CPU.ActiveCfg = Release|Any CPU
		{4A6AB6D7-B729-4B9E-86E7-0B2E666FD0C2}.Release|Any CPU.Build.0 = Release|Any CPU
		{F1099137-98FC-4A3E-BEFB-1FBD16EFCDFD}.Debug|Any CPU.ActiveCfg = Debug|Any CPU
		{F1099137-98FC-4A3E-BEFB-1FBD16EFCDFD}.Debug|Any CPU.Build.0 = Debug|Any CPU
		{F1099137-98FC-4A3E-BEFB-1FBD16EFCDFD}.Release|Any CPU.ActiveCfg = Release|Any CPU
		{F1099137-98FC-4A3E-BEFB-1FBD16EFCDFD}.Release|Any CPU.Build.0 = Release|Any CPU
		{9C2A7BC3-13E2-45FD-868B-9ED0F82CBEC3}.Debug|Any CPU.ActiveCfg = Debug|Any CPU
		{9C2A7BC3-13E2-45FD-868B-9ED0F82CBEC3}.Debug|Any CPU.Build.0 = Debug|Any CPU
		{9C2A7BC3-13E2-45FD-868B-9ED0F82CBEC3}.Release|Any CPU.ActiveCfg = Release|Any CPU
		{9C2A7BC3-13E2-45FD-868B-9ED0F82CBEC3}.Release|Any CPU.Build.0 = Release|Any CPU
		{83D5BC52-20CD-4C0C-8DF6-FA2DAC85CCD5}.Debug|Any CPU.ActiveCfg = Debug|Any CPU
		{83D5BC52-20CD-4C0C-8DF6-FA2DAC85CCD5}.Debug|Any CPU.Build.0 = Debug|Any CPU
		{83D5BC52-20CD-4C0C-8DF6-FA2DAC85CCD5}.Release|Any CPU.ActiveCfg = Release|Any CPU
		{83D5BC52-20CD-4C0C-8DF6-FA2DAC85CCD5}.Release|Any CPU.Build.0 = Release|Any CPU
		{49A68460-40F2-4A0F-8A42-2C9F36152CC9}.Debug|Any CPU.ActiveCfg = Debug|Any CPU
		{49A68460-40F2-4A0F-8A42-2C9F36152CC9}.Debug|Any CPU.Build.0 = Debug|Any CPU
		{49A68460-40F2-4A0F-8A42-2C9F36152CC9}.Release|Any CPU.ActiveCfg = Release|Any CPU
		{49A68460-40F2-4A0F-8A42-2C9F36152CC9}.Release|Any CPU.Build.0 = Release|Any CPU
		{42C4D9D3-91C7-46A1-9259-7B47904F8EE5}.Debug|Any CPU.ActiveCfg = Debug|Any CPU
		{42C4D9D3-91C7-46A1-9259-7B47904F8EE5}.Debug|Any CPU.Build.0 = Debug|Any CPU
		{42C4D9D3-91C7-46A1-9259-7B47904F8EE5}.Release|Any CPU.ActiveCfg = Release|Any CPU
		{42C4D9D3-91C7-46A1-9259-7B47904F8EE5}.Release|Any CPU.Build.0 = Release|Any CPU
		{4E1391D4-F796-483D-A2F5-858C823C3C9C}.Debug|Any CPU.ActiveCfg = Debug|Any CPU
		{4E1391D4-F796-483D-A2F5-858C823C3C9C}.Debug|Any CPU.Build.0 = Debug|Any CPU
		{4E1391D4-F796-483D-A2F5-858C823C3C9C}.Release|Any CPU.ActiveCfg = Release|Any CPU
		{4E1391D4-F796-483D-A2F5-858C823C3C9C}.Release|Any CPU.Build.0 = Release|Any CPU
		{23026FD9-B858-476D-A012-23D7E401B341}.Debug|Any CPU.ActiveCfg = Debug|Any CPU
		{23026FD9-B858-476D-A012-23D7E401B341}.Debug|Any CPU.Build.0 = Debug|Any CPU
		{23026FD9-B858-476D-A012-23D7E401B341}.Release|Any CPU.ActiveCfg = Release|Any CPU
		{23026FD9-B858-476D-A012-23D7E401B341}.Release|Any CPU.Build.0 = Release|Any CPU
		{4F42178F-1DD6-4043-A0D1-49DC0C3FDFF1}.Debug|Any CPU.ActiveCfg = Debug|Any CPU
		{4F42178F-1DD6-4043-A0D1-49DC0C3FDFF1}.Debug|Any CPU.Build.0 = Debug|Any CPU
		{4F42178F-1DD6-4043-A0D1-49DC0C3FDFF1}.Release|Any CPU.ActiveCfg = Release|Any CPU
		{4F42178F-1DD6-4043-A0D1-49DC0C3FDFF1}.Release|Any CPU.Build.0 = Release|Any CPU
		{779613D6-A0B3-4E3E-9A4C-2EC932DBA922}.Debug|Any CPU.ActiveCfg = Debug|Any CPU
		{779613D6-A0B3-4E3E-9A4C-2EC932DBA922}.Debug|Any CPU.Build.0 = Debug|Any CPU
		{779613D6-A0B3-4E3E-9A4C-2EC932DBA922}.Release|Any CPU.ActiveCfg = Release|Any CPU
		{779613D6-A0B3-4E3E-9A4C-2EC932DBA922}.Release|Any CPU.Build.0 = Release|Any CPU
		{3B7C2776-9AA1-4EB4-8C51-D4AE19FBBFA9}.Debug|Any CPU.ActiveCfg = Debug|Any CPU
		{3B7C2776-9AA1-4EB4-8C51-D4AE19FBBFA9}.Debug|Any CPU.Build.0 = Debug|Any CPU
		{3B7C2776-9AA1-4EB4-8C51-D4AE19FBBFA9}.Release|Any CPU.ActiveCfg = Release|Any CPU
		{3B7C2776-9AA1-4EB4-8C51-D4AE19FBBFA9}.Release|Any CPU.Build.0 = Release|Any CPU
		{C301E3EF-D5CC-467E-A280-E44C51279822}.Debug|Any CPU.ActiveCfg = Debug|Any CPU
		{C301E3EF-D5CC-467E-A280-E44C51279822}.Debug|Any CPU.Build.0 = Debug|Any CPU
		{C301E3EF-D5CC-467E-A280-E44C51279822}.Release|Any CPU.ActiveCfg = Release|Any CPU
		{C301E3EF-D5CC-467E-A280-E44C51279822}.Release|Any CPU.Build.0 = Release|Any CPU
		{7EA9C3CC-2CD2-4293-83E2-637AD5E41A7B}.Debug|Any CPU.ActiveCfg = Debug|Any CPU
		{7EA9C3CC-2CD2-4293-83E2-637AD5E41A7B}.Debug|Any CPU.Build.0 = Debug|Any CPU
		{7EA9C3CC-2CD2-4293-83E2-637AD5E41A7B}.Release|Any CPU.ActiveCfg = Release|Any CPU
		{7EA9C3CC-2CD2-4293-83E2-637AD5E41A7B}.Release|Any CPU.Build.0 = Release|Any CPU
		{2BA5FC6E-6D54-4735-A2CE-00386DAC6D02}.Debug|Any CPU.ActiveCfg = Debug|Any CPU
		{2BA5FC6E-6D54-4735-A2CE-00386DAC6D02}.Debug|Any CPU.Build.0 = Debug|Any CPU
		{2BA5FC6E-6D54-4735-A2CE-00386DAC6D02}.Release|Any CPU.ActiveCfg = Release|Any CPU
		{2BA5FC6E-6D54-4735-A2CE-00386DAC6D02}.Release|Any CPU.Build.0 = Release|Any CPU
		{EBEB4249-12E8-4611-BA64-F28706D15C4C}.Debug|Any CPU.ActiveCfg = Debug|Any CPU
		{EBEB4249-12E8-4611-BA64-F28706D15C4C}.Debug|Any CPU.Build.0 = Debug|Any CPU
		{EBEB4249-12E8-4611-BA64-F28706D15C4C}.Release|Any CPU.ActiveCfg = Release|Any CPU
		{EBEB4249-12E8-4611-BA64-F28706D15C4C}.Release|Any CPU.Build.0 = Release|Any CPU
		{560972CC-13A9-4919-BE1E-C0CFE94573A5}.Debug|Any CPU.ActiveCfg = Debug|Any CPU
		{560972CC-13A9-4919-BE1E-C0CFE94573A5}.Debug|Any CPU.Build.0 = Debug|Any CPU
		{560972CC-13A9-4919-BE1E-C0CFE94573A5}.Release|Any CPU.ActiveCfg = Release|Any CPU
		{560972CC-13A9-4919-BE1E-C0CFE94573A5}.Release|Any CPU.Build.0 = Release|Any CPU
		{C0D0B34A-890A-4414-AF19-7113C5B6CC01}.Debug|Any CPU.ActiveCfg = Debug|Any CPU
		{C0D0B34A-890A-4414-AF19-7113C5B6CC01}.Debug|Any CPU.Build.0 = Debug|Any CPU
		{C0D0B34A-890A-4414-AF19-7113C5B6CC01}.Release|Any CPU.ActiveCfg = Release|Any CPU
		{C0D0B34A-890A-4414-AF19-7113C5B6CC01}.Release|Any CPU.Build.0 = Release|Any CPU
		{831445AC-F432-4EE4-A8B6-2349A9FDD75C}.Debug|Any CPU.ActiveCfg = Debug|Any CPU
		{831445AC-F432-4EE4-A8B6-2349A9FDD75C}.Debug|Any CPU.Build.0 = Debug|Any CPU
		{831445AC-F432-4EE4-A8B6-2349A9FDD75C}.Release|Any CPU.ActiveCfg = Release|Any CPU
		{831445AC-F432-4EE4-A8B6-2349A9FDD75C}.Release|Any CPU.Build.0 = Release|Any CPU
		{6E115078-E5EA-495B-8158-EB7B497A6D50}.Debug|Any CPU.ActiveCfg = Debug|Any CPU
		{6E115078-E5EA-495B-8158-EB7B497A6D50}.Debug|Any CPU.Build.0 = Debug|Any CPU
		{6E115078-E5EA-495B-8158-EB7B497A6D50}.Release|Any CPU.ActiveCfg = Release|Any CPU
		{6E115078-E5EA-495B-8158-EB7B497A6D50}.Release|Any CPU.Build.0 = Release|Any CPU
		{32AFB67E-6645-47D0-8702-FF36E3A9DD3B}.Debug|Any CPU.ActiveCfg = Debug|Any CPU
		{32AFB67E-6645-47D0-8702-FF36E3A9DD3B}.Debug|Any CPU.Build.0 = Debug|Any CPU
		{32AFB67E-6645-47D0-8702-FF36E3A9DD3B}.Release|Any CPU.ActiveCfg = Release|Any CPU
		{32AFB67E-6645-47D0-8702-FF36E3A9DD3B}.Release|Any CPU.Build.0 = Release|Any CPU
	EndGlobalSection
	GlobalSection(SolutionProperties) = preSolution
		HideSolutionNode = FALSE
	EndGlobalSection
	GlobalSection(NestedProjects) = preSolution
		{0E5F6F9E-6346-4816-B1FE-A77E2BCC0DFB} = {BCE554FB-D302-4BBC-A734-2A310A559489}
		{F384C523-82DD-40B9-9061-E14CE2F98C2D} = {5D7933CE-1803-4999-95DC-7B8909FB4E13}
		{31DA594C-A66C-4F31-BE4A-BB3359DF95CE} = {FE1399D0-D54F-45CD-B8F4-1CCA4E52AE81}
		{CF778508-3403-4D6B-B240-9ED850D30D34} = {F08EC1D7-B55D-45FC-B302-75764DDC0C85}
		{4A6AB6D7-B729-4B9E-86E7-0B2E666FD0C2} = {4ADB6E78-1D2B-4A0A-8A3E-65A982188F08}
		{F1099137-98FC-4A3E-BEFB-1FBD16EFCDFD} = {741D91D0-5856-434A-B9F4-585932E6FE2C}
		{9C2A7BC3-13E2-45FD-868B-9ED0F82CBEC3} = {741D91D0-5856-434A-B9F4-585932E6FE2C}
		{4F36C030-C69D-4929-B484-667779814971} = {AB3DFFDF-E2FE-40F2-8211-FB12402A6CC4}
		{83D5BC52-20CD-4C0C-8DF6-FA2DAC85CCD5} = {4F36C030-C69D-4929-B484-667779814971}
		{49A68460-40F2-4A0F-8A42-2C9F36152CC9} = {AB251EFE-9977-4B0B-8F5D-2E80D14A78E2}
		{42C4D9D3-91C7-46A1-9259-7B47904F8EE5} = {18F4D538-36DA-42AE-8442-06DBB7BEB354}
		{4E1391D4-F796-483D-A2F5-858C823C3C9C} = {13CCC80E-43D1-4A48-8902-FED08828DB0D}
		{3F4629A7-562B-4E34-8379-CD936BCAD520} = {AB3DFFDF-E2FE-40F2-8211-FB12402A6CC4}
		{23026FD9-B858-476D-A012-23D7E401B341} = {3F4629A7-562B-4E34-8379-CD936BCAD520}
		{4F42178F-1DD6-4043-A0D1-49DC0C3FDFF1} = {3F4629A7-562B-4E34-8379-CD936BCAD520}
		{779613D6-A0B3-4E3E-9A4C-2EC932DBA922} = {9A830A2A-744B-49B4-9E7D-0CFAC9C5D1F9}
		{3B7C2776-9AA1-4EB4-8C51-D4AE19FBBFA9} = {9A830A2A-744B-49B4-9E7D-0CFAC9C5D1F9}
		{C301E3EF-D5CC-467E-A280-E44C51279822} = {9A830A2A-744B-49B4-9E7D-0CFAC9C5D1F9}
		{9A830A2A-744B-49B4-9E7D-0CFAC9C5D1F9} = {BB59FBE9-973C-4CF6-B993-358EF8E1DED6}
		{7EA9C3CC-2CD2-4293-83E2-637AD5E41A7B} = {9A830A2A-744B-49B4-9E7D-0CFAC9C5D1F9}
		{2BA5FC6E-6D54-4735-A2CE-00386DAC6D02} = {BB59FBE9-973C-4CF6-B993-358EF8E1DED6}
		{EBEB4249-12E8-4611-BA64-F28706D15C4C} = {BB59FBE9-973C-4CF6-B993-358EF8E1DED6}
		{560972CC-13A9-4919-BE1E-C0CFE94573A5} = {2BFF48B6-D397-450B-AF58-A3396944CA60}
		{2BFF48B6-D397-450B-AF58-A3396944CA60} = {0AB3F5F9-5989-44BC-BC40-FEFE865B54B5}
		{8CB274D2-9D0C-4E32-9A91-BFE71E7EA6DD} = {AB3DFFDF-E2FE-40F2-8211-FB12402A6CC4}
		{C0D0B34A-890A-4414-AF19-7113C5B6CC01} = {8CB274D2-9D0C-4E32-9A91-BFE71E7EA6DD}
		{B53B4124-9568-4C99-9251-B0AF5323115A} = {0AB3F5F9-5989-44BC-BC40-FEFE865B54B5}
		{831445AC-F432-4EE4-A8B6-2349A9FDD75C} = {B53B4124-9568-4C99-9251-B0AF5323115A}
		{AD3F97A0-B577-416C-B191-A41563252393} = {0AB3F5F9-5989-44BC-BC40-FEFE865B54B5}
		{6E115078-E5EA-495B-8158-EB7B497A6D50} = {AD3F97A0-B577-416C-B191-A41563252393}
		{32AFB67E-6645-47D0-8702-FF36E3A9DD3B} = {AD3F97A0-B577-416C-B191-A41563252393}
		{8D9BF627-AE62-4CA9-9EAF-CFFCF5B2D57A} = {1A76F210-454C-40C7-90C7-A07B40F647CB}
		{4ADB6E78-1D2B-4A0A-8A3E-65A982188F08} = {BB59FBE9-973C-4CF6-B993-358EF8E1DED6}
	EndGlobalSection
	GlobalSection(ExtensibilityGlobals) = postSolution
		SolutionGuid = {5213658D-9EAB-49C0-8E54-9EAFBE484E36}
	EndGlobalSection
EndGlobal
